
Microsoft Visual Studio Solution File, Format Version 12.00
# Visual Studio Version 17
VisualStudioVersion = 17.6.33829.357
MinimumVisualStudioVersion = 10.0.40219.1
Project("{FAE04EC0-301F-11D3-BF4B-00C04F79EFBC}") = "caContaBancaria", "caContaBancaria\caContaBancaria.csproj", "{578916AD-64EA-45DF-85FB-8F21AE857562}"
EndProject
Global
	GlobalSection(SolutionConfigurationPlatforms) = preSolution
		Debug|Any CPU = Debug|Any CPU
		Release|Any CPU = Release|Any CPU
	EndGlobalSection
	GlobalSection(ProjectConfigurationPlatforms) = postSolution
		{578916AD-64EA-45DF-85FB-8F21AE857562}.Debug|Any CPU.ActiveCfg = Debug|Any CPU
		{578916AD-64EA-45DF-85FB-8F21AE857562}.Debug|Any CPU.Build.0 = Debug|Any CPU
		{578916AD-64EA-45DF-85FB-8F21AE857562}.Release|Any CPU.ActiveCfg = Release|Any CPU
		{578916AD-64EA-45DF-85FB-8F21AE857562}.Release|Any CPU.Build.0 = Release|Any CPU
	EndGlobalSection
	GlobalSection(SolutionProperties) = preSolution
		HideSolutionNode = FALSE
	EndGlobalSection
	GlobalSection(ExtensibilityGlobals) = postSolution
		SolutionGuid = {C6DFDB63-2D4C-4521-B233-4F9FB13537AD}
	EndGlobalSection
EndGlobal
