
Microsoft Visual Studio Solution File, Format Version 12.00
# Visual Studio Version 17
VisualStudioVersion = 17.6.33829.357
MinimumVisualStudioVersion = 10.0.40219.1
Project("{FAE04EC0-301F-11D3-BF4B-00C04F79EFBC}") = "caCircunferencia2", "caCircunferencia2\caCircunferencia2.csproj", "{B09A7C15-3774-4C32-B58F-479702900E31}"
EndProject
Global
	GlobalSection(SolutionConfigurationPlatforms) = preSolution
		Debug|Any CPU = Debug|Any CPU
		Release|Any CPU = Release|Any CPU
	EndGlobalSection
	GlobalSection(ProjectConfigurationPlatforms) = postSolution
		{B09A7C15-3774-4C32-B58F-479702900E31}.Debug|Any CPU.ActiveCfg = Debug|Any CPU
		{B09A7C15-3774-4C32-B58F-479702900E31}.Debug|Any CPU.Build.0 = Debug|Any CPU
		{B09A7C15-3774-4C32-B58F-479702900E31}.Release|Any CPU.ActiveCfg = Release|Any CPU
		{B09A7C15-3774-4C32-B58F-479702900E31}.Release|Any CPU.Build.0 = Release|Any CPU
	EndGlobalSection
	GlobalSection(SolutionProperties) = preSolution
		HideSolutionNode = FALSE
	EndGlobalSection
	GlobalSection(ExtensibilityGlobals) = postSolution
		SolutionGuid = {7C5D4083-F58B-4A62-A195-7CAEA50E18AC}
	EndGlobalSection
EndGlobal
